<Solution>
  <Configurations>
    <Platform Name="Any CPU" />
    <Platform Name="x64" />
    <Platform Name="x86" />
  </Configurations>
  <Folder Name="/src/">
    <Project Path="src/Devantler.Keys.Age/Devantler.Keys.Age.csproj" />
    <Project Path="src/Devantler.Keys.Core/Devantler.Keys.Core.csproj" />
  </Folder>
  <Folder Name="/tests/">
    <Project Path="tests/Devantler.Keys.Age.Tests/Devantler.Keys.Age.Tests.csproj" />
  </Folder>
</Solution>
